
Microsoft Visual Studio Solution File, Format Version 12.00
# Visual Studio Version 17
VisualStudioVersion = 17.7.34221.43
MinimumVisualStudioVersion = 10.0.40219.1
Project("{FAE04EC0-301F-11D3-BF4B-00C04F79EFBC}") = "ProyectoTiendaMVC", "ProyectoTiendaMVC\ProyectoTiendaMVC.csproj", "{311CE5E9-841C-4A36-849A-4B063AA391CB}"
EndProject
Global
	GlobalSection(SolutionConfigurationPlatforms) = preSolution
		Debug|Any CPU = Debug|Any CPU
		Release|Any CPU = Release|Any CPU
	EndGlobalSection
	GlobalSection(ProjectConfigurationPlatforms) = postSolution
		{311CE5E9-841C-4A36-849A-4B063AA391CB}.Debug|Any CPU.ActiveCfg = Debug|Any CPU
		{311CE5E9-841C-4A36-849A-4B063AA391CB}.Debug|Any CPU.Build.0 = Debug|Any CPU
		{311CE5E9-841C-4A36-849A-4B063AA391CB}.Release|Any CPU.ActiveCfg = Release|Any CPU
		{311CE5E9-841C-4A36-849A-4B063AA391CB}.Release|Any CPU.Build.0 = Release|Any CPU
	EndGlobalSection
	GlobalSection(SolutionProperties) = preSolution
		HideSolutionNode = FALSE
	EndGlobalSection
	GlobalSection(ExtensibilityGlobals) = postSolution
		SolutionGuid = {FC82AB81-E89F-49D9-82D8-0757375FF882}
	EndGlobalSection
EndGlobal
